
Microsoft Visual Studio Solution File, Format Version 12.00
# Visual Studio 2015
Project("{FAE04EC0-301F-11D3-BF4B-00C04F79EFBC}") = "UnityVS.Toybox Trouble prototype.CSharp", "UnityVS.Toybox Trouble prototype.CSharp.csproj", "{D69913C0-6C71-2D45-EF19-321560845DA0}"
EndProject
Global
	GlobalSection(SolutionConfigurationPlatforms) = preSolution
		Debug|Any CPU = Debug|Any CPU
		Release|Any CPU = Release|Any CPU
	EndGlobalSection
	GlobalSection(ProjectConfigurationPlatforms) = postSolution
		{D69913C0-6C71-2D45-EF19-321560845DA0}.Debug|Any CPU.ActiveCfg = Debug|Any CPU
		{D69913C0-6C71-2D45-EF19-321560845DA0}.Debug|Any CPU.Build.0 = Debug|Any CPU
		{D69913C0-6C71-2D45-EF19-321560845DA0}.Release|Any CPU.ActiveCfg = Release|Any CPU
		{D69913C0-6C71-2D45-EF19-321560845DA0}.Release|Any CPU.Build.0 = Release|Any CPU
	EndGlobalSection
	GlobalSection(SolutionProperties) = preSolution
		HideSolutionNode = FALSE
	EndGlobalSection
EndGlobal
